
Microsoft Visual Studio Solution File, Format Version 12.00
# Visual Studio Version 17
VisualStudioVersion = 17.4.33122.133
MinimumVisualStudioVersion = 10.0.40219.1
Project("{9A19103F-16F7-4668-BE54-9A1E7A4F7556}") = "Xacte.ModuleA.Business", "ModuleA\src\Xacte.ModuleA.Business\Xacte.ModuleA.Business.csproj", "{0228C9E5-90B8-48C8-B4F6-F7B5E8A657F3}"
EndProject
Project("{2150E333-8FDC-42A3-9474-1A3956D46DE8}") = "_SolutionItems", "_SolutionItems", "{71574F75-EB84-4419-9E43-C945222CAD5F}"
EndProject
Project("{2150E333-8FDC-42A3-9474-1A3956D46DE8}") = "ModuleA", "ModuleA", "{98CFAAAC-A863-4173-84B2-48F34CEE1540}"
EndProject
Project("{FAE04EC0-301F-11D3-BF4B-00C04F79EFBC}") = "Xacte.ModuleA.Api", "ModuleA\src\Xacte.ModuleA.Api\Xacte.ModuleA.Api.csproj", "{323A3C24-9557-4946-8BF7-C2AB823148DC}"
EndProject
Project("{FAE04EC0-301F-11D3-BF4B-00C04F79EFBC}") = "Xacte.ModuleA.Data", "ModuleA\src\Xacte.ModuleA.Data\Xacte.ModuleA.Data.csproj", "{EA2AB4F6-B3AE-4FF3-83E2-70A7227B6A2B}"
EndProject
Project("{FAE04EC0-301F-11D3-BF4B-00C04F79EFBC}") = "Xacte.ModuleA.Dto", "ModuleA\src\Xacte.ModuleA.Dto\Xacte.ModuleA.Dto.csproj", "{585518E5-5BE4-494B-B111-C4D8028BE700}"
EndProject
Project("{2150E333-8FDC-42A3-9474-1A3956D46DE8}") = "Common", "Common", "{0281DEC5-A96D-4C95-B6FA-314F93980D99}"
EndProject
Project("{FAE04EC0-301F-11D3-BF4B-00C04F79EFBC}") = "Xacte.Common", "Common\src\Xacte.Common\Xacte.Common.csproj", "{44387642-E0D3-4449-BAD3-B3A6E7F21F0D}"
EndProject
Project("{FAE04EC0-301F-11D3-BF4B-00C04F79EFBC}") = "Xacte.ModuleA.Api.Tests", "ModuleA\tests\Xacte.ModuleA.Api.Tests\Xacte.ModuleA.Api.Tests.csproj", "{DA22BAE8-7C4D-456E-BCC7-CB646631323E}"
EndProject
Project("{2150E333-8FDC-42A3-9474-1A3956D46DE8}") = "Tests", "Tests", "{EFF030B0-9B99-4971-9564-2C212E79B408}"
EndProject
Project("{FAE04EC0-301F-11D3-BF4B-00C04F79EFBC}") = "Xacte.ModuleA.Business.Tests", "ModuleA\tests\Xacte.ModuleA.Business.Tests\Xacte.ModuleA.Business.Tests.csproj", "{3565CAB1-711F-452C-86D7-6C81EBD5BCDB}"
EndProject
Project("{FAE04EC0-301F-11D3-BF4B-00C04F79EFBC}") = "Xacte.ModuleA.Data.Tests", "ModuleA\tests\Xacte.ModuleA.Data.Tests\Xacte.ModuleA.Data.Tests.csproj", "{3027098A-9DE1-4A89-829F-82BA9F6C48B7}"
EndProject
Project("{FAE04EC0-301F-11D3-BF4B-00C04F79EFBC}") = "Xacte.Common.Logger", "Common\src\Xacte.Common.Logger\Xacte.Common.Logger.csproj", "{594E4DE6-4D99-45DF-BB9C-10C21C4C3098}"
EndProject
Project("{2150E333-8FDC-42A3-9474-1A3956D46DE8}") = "Tests", "Tests", "{5DFA5126-5BC6-4DA5-8568-1A9A4D1F36FF}"
EndProject
Project("{FAE04EC0-301F-11D3-BF4B-00C04F79EFBC}") = "Xacte.Common.Tests", "Common\tests\Xacte.Common.Tests\Xacte.Common.Tests.csproj", "{5129DC98-5B65-4275-B5B4-BB84741E9067}"
EndProject
Project("{FAE04EC0-301F-11D3-BF4B-00C04F79EFBC}") = "Xacte.Common.Logger.Tests", "Common\tests\Xacte.Common.Logger.Tests\Xacte.Common.Logger.Tests.csproj", "{D385645B-C3E0-494A-B069-B2BBE7CDB24B}"
EndProject
Global
	GlobalSection(SolutionConfigurationPlatforms) = preSolution
		Debug|Any CPU = Debug|Any CPU
		Release|Any CPU = Release|Any CPU
	EndGlobalSection
	GlobalSection(ProjectConfigurationPlatforms) = postSolution
		{0228C9E5-90B8-48C8-B4F6-F7B5E8A657F3}.Debug|Any CPU.ActiveCfg = Debug|Any CPU
		{0228C9E5-90B8-48C8-B4F6-F7B5E8A657F3}.Debug|Any CPU.Build.0 = Debug|Any CPU
		{0228C9E5-90B8-48C8-B4F6-F7B5E8A657F3}.Release|Any CPU.ActiveCfg = Release|Any CPU
		{0228C9E5-90B8-48C8-B4F6-F7B5E8A657F3}.Release|Any CPU.Build.0 = Release|Any CPU
		{323A3C24-9557-4946-8BF7-C2AB823148DC}.Debug|Any CPU.ActiveCfg = Debug|Any CPU
		{323A3C24-9557-4946-8BF7-C2AB823148DC}.Debug|Any CPU.Build.0 = Debug|Any CPU
		{323A3C24-9557-4946-8BF7-C2AB823148DC}.Release|Any CPU.ActiveCfg = Release|Any CPU
		{323A3C24-9557-4946-8BF7-C2AB823148DC}.Release|Any CPU.Build.0 = Release|Any CPU
		{EA2AB4F6-B3AE-4FF3-83E2-70A7227B6A2B}.Debug|Any CPU.ActiveCfg = Debug|Any CPU
		{EA2AB4F6-B3AE-4FF3-83E2-70A7227B6A2B}.Debug|Any CPU.Build.0 = Debug|Any CPU
		{EA2AB4F6-B3AE-4FF3-83E2-70A7227B6A2B}.Release|Any CPU.ActiveCfg = Release|Any CPU
		{EA2AB4F6-B3AE-4FF3-83E2-70A7227B6A2B}.Release|Any CPU.Build.0 = Release|Any CPU
		{585518E5-5BE4-494B-B111-C4D8028BE700}.Debug|Any CPU.ActiveCfg = Debug|Any CPU
		{585518E5-5BE4-494B-B111-C4D8028BE700}.Debug|Any CPU.Build.0 = Debug|Any CPU
		{585518E5-5BE4-494B-B111-C4D8028BE700}.Release|Any CPU.ActiveCfg = Release|Any CPU
		{585518E5-5BE4-494B-B111-C4D8028BE700}.Release|Any CPU.Build.0 = Release|Any CPU
		{44387642-E0D3-4449-BAD3-B3A6E7F21F0D}.Debug|Any CPU.ActiveCfg = Debug|Any CPU
		{44387642-E0D3-4449-BAD3-B3A6E7F21F0D}.Debug|Any CPU.Build.0 = Debug|Any CPU
		{44387642-E0D3-4449-BAD3-B3A6E7F21F0D}.Release|Any CPU.ActiveCfg = Release|Any CPU
		{44387642-E0D3-4449-BAD3-B3A6E7F21F0D}.Release|Any CPU.Build.0 = Release|Any CPU
		{DA22BAE8-7C4D-456E-BCC7-CB646631323E}.Debug|Any CPU.ActiveCfg = Debug|Any CPU
		{DA22BAE8-7C4D-456E-BCC7-CB646631323E}.Debug|Any CPU.Build.0 = Debug|Any CPU
		{DA22BAE8-7C4D-456E-BCC7-CB646631323E}.Release|Any CPU.ActiveCfg = Release|Any CPU
		{DA22BAE8-7C4D-456E-BCC7-CB646631323E}.Release|Any CPU.Build.0 = Release|Any CPU
		{3565CAB1-711F-452C-86D7-6C81EBD5BCDB}.Debug|Any CPU.ActiveCfg = Debug|Any CPU
		{3565CAB1-711F-452C-86D7-6C81EBD5BCDB}.Debug|Any CPU.Build.0 = Debug|Any CPU
		{3565CAB1-711F-452C-86D7-6C81EBD5BCDB}.Release|Any CPU.ActiveCfg = Release|Any CPU
		{3565CAB1-711F-452C-86D7-6C81EBD5BCDB}.Release|Any CPU.Build.0 = Release|Any CPU
		{3027098A-9DE1-4A89-829F-82BA9F6C48B7}.Debug|Any CPU.ActiveCfg = Debug|Any CPU
		{3027098A-9DE1-4A89-829F-82BA9F6C48B7}.Debug|Any CPU.Build.0 = Debug|Any CPU
		{3027098A-9DE1-4A89-829F-82BA9F6C48B7}.Release|Any CPU.ActiveCfg = Release|Any CPU
		{3027098A-9DE1-4A89-829F-82BA9F6C48B7}.Release|Any CPU.Build.0 = Release|Any CPU
		{594E4DE6-4D99-45DF-BB9C-10C21C4C3098}.Debug|Any CPU.ActiveCfg = Debug|Any CPU
		{594E4DE6-4D99-45DF-BB9C-10C21C4C3098}.Debug|Any CPU.Build.0 = Debug|Any CPU
		{594E4DE6-4D99-45DF-BB9C-10C21C4C3098}.Release|Any CPU.ActiveCfg = Release|Any CPU
		{594E4DE6-4D99-45DF-BB9C-10C21C4C3098}.Release|Any CPU.Build.0 = Release|Any CPU
		{5129DC98-5B65-4275-B5B4-BB84741E9067}.Debug|Any CPU.ActiveCfg = Debug|Any CPU
		{5129DC98-5B65-4275-B5B4-BB84741E9067}.Debug|Any CPU.Build.0 = Debug|Any CPU
		{5129DC98-5B65-4275-B5B4-BB84741E9067}.Release|Any CPU.ActiveCfg = Release|Any CPU
		{5129DC98-5B65-4275-B5B4-BB84741E9067}.Release|Any CPU.Build.0 = Release|Any CPU
		{D385645B-C3E0-494A-B069-B2BBE7CDB24B}.Debug|Any CPU.ActiveCfg = Debug|Any CPU
		{D385645B-C3E0-494A-B069-B2BBE7CDB24B}.Debug|Any CPU.Build.0 = Debug|Any CPU
		{D385645B-C3E0-494A-B069-B2BBE7CDB24B}.Release|Any CPU.ActiveCfg = Release|Any CPU
		{D385645B-C3E0-494A-B069-B2BBE7CDB24B}.Release|Any CPU.Build.0 = Release|Any CPU
	EndGlobalSection
	GlobalSection(SolutionProperties) = preSolution
		HideSolutionNode = FALSE
	EndGlobalSection
	GlobalSection(NestedProjects) = preSolution
		{0228C9E5-90B8-48C8-B4F6-F7B5E8A657F3} = {98CFAAAC-A863-4173-84B2-48F34CEE1540}
		{323A3C24-9557-4946-8BF7-C2AB823148DC} = {98CFAAAC-A863-4173-84B2-48F34CEE1540}
		{EA2AB4F6-B3AE-4FF3-83E2-70A7227B6A2B} = {98CFAAAC-A863-4173-84B2-48F34CEE1540}
		{585518E5-5BE4-494B-B111-C4D8028BE700} = {98CFAAAC-A863-4173-84B2-48F34CEE1540}
		{44387642-E0D3-4449-BAD3-B3A6E7F21F0D} = {0281DEC5-A96D-4C95-B6FA-314F93980D99}
		{DA22BAE8-7C4D-456E-BCC7-CB646631323E} = {EFF030B0-9B99-4971-9564-2C212E79B408}
		{EFF030B0-9B99-4971-9564-2C212E79B408} = {98CFAAAC-A863-4173-84B2-48F34CEE1540}
		{3565CAB1-711F-452C-86D7-6C81EBD5BCDB} = {EFF030B0-9B99-4971-9564-2C212E79B408}
		{3027098A-9DE1-4A89-829F-82BA9F6C48B7} = {EFF030B0-9B99-4971-9564-2C212E79B408}
		{594E4DE6-4D99-45DF-BB9C-10C21C4C3098} = {0281DEC5-A96D-4C95-B6FA-314F93980D99}
		{5DFA5126-5BC6-4DA5-8568-1A9A4D1F36FF} = {0281DEC5-A96D-4C95-B6FA-314F93980D99}
		{5129DC98-5B65-4275-B5B4-BB84741E9067} = {5DFA5126-5BC6-4DA5-8568-1A9A4D1F36FF}
		{D385645B-C3E0-494A-B069-B2BBE7CDB24B} = {5DFA5126-5BC6-4DA5-8568-1A9A4D1F36FF}
	EndGlobalSection
	GlobalSection(ExtensibilityGlobals) = postSolution
		SolutionGuid = {B078E516-E9F4-486E-A4A4-E69DA89EF409}
	EndGlobalSection
EndGlobal
